schema: '2.0'
stages:
  train:
    cmd: python train.py
    deps:
    - path: data/
      md5: e252d2c8ba36d1ab3e21a873ab62daa3.dir
      size: 356712185
      nfiles: 9
    - path: models/datasets.py
      md5: 3faaffebabd0ef442b210889d5aec019
      size: 941
    - path: models/model.py
      md5: c6749743761deac4f59a5989c3ae86dd
      size: 627
    - path: train.py
      md5: 58d9e7bd1f26eb97259fb3ab056fe441
      size: 1526
  test:
    cmd: python test.py
    deps:
    - path: data/
      md5: e252d2c8ba36d1ab3e21a873ab62daa3.dir
      size: 356712185
      nfiles: 9
    - path: models/datasets.py
      md5: 3faaffebabd0ef442b210889d5aec019
      size: 941
    - path: models/model.py
      md5: c6749743761deac4f59a5989c3ae86dd
      size: 627
    - path: test.py
      md5: e1c48293954971814e5e1b8564c43892
      size: 1165
    outs:
    - path: metrics.json
      md5: e6c85cea302b1882cd166cf6f54db497
      size: 342
